// !$*UTF8*$!
{
	archiveVersion = 1;
	classes = {
	};
	objectVersion = 46;
	objects = {

/* Begin PBXBuildFile section */
		6F3A152C1D4E3CE200567B59 /* NSCTaggedPointerController.m in Sources */ = {isa = PBXBuildFile; fileRef = 6F3A152A1D4E3CE200567B59 /* NSCTaggedPointerController.m */; settings = {COMPILER_FLAGS = "-fno-objc-arc"; }; };
		6F3A152D1D4E3CE200567B59 /* NSCTaggedPointerController.xib in Resources */ = {isa = PBXBuildFile; fileRef = 6F3A152B1D4E3CE200567B59 /* NSCTaggedPointerController.xib */; };
		6F8A3EDD1D47E8A8008268BD /* main.m in Sources */ = {isa = PBXBuildFile; fileRef = 6F8A3EDC1D47E8A8008268BD /* main.m */; };
		6F8A3EE01D47E8A8008268BD /* AppDelegate.m in Sources */ = {isa = PBXBuildFile; fileRef = 6F8A3EDF1D47E8A8008268BD /* AppDelegate.m */; };
		6F8A3EE61D47E8A8008268BD /* Main.storyboard in Resources */ = {isa = PBXBuildFile; fileRef = 6F8A3EE41D47E8A8008268BD /* Main.storyboard */; };
		6F8A3EE81D47E8A8008268BD /* Assets.xcassets in Resources */ = {isa = PBXBuildFile; fileRef = 6F8A3EE71D47E8A8008268BD /* Assets.xcassets */; };
		6F8A3EEB1D47E8A8008268BD /* LaunchScreen.storyboard in Resources */ = {isa = PBXBuildFile; fileRef = 6F8A3EE91D47E8A8008268BD /* LaunchScreen.storyboard */; };
		6F8A3EF91D47E8FA008268BD /* NSCMenuController.m in Sources */ = {isa = PBXBuildFile; fileRef = 6F8A3EF51D47E8FA008268BD /* NSCMenuController.m */; };
		6F8A3EFA1D47E8FA008268BD /* NSCVariadicFunctionController.m in Sources */ = {isa = PBXBuildFile; fileRef = 6F8A3EF71D47E8FA008268BD /* NSCVariadicFunctionController.m */; };
		6F8A3EFB1D47E8FA008268BD /* NSCVariadicFunctionController.xib in Resources */ = {isa = PBXBuildFile; fileRef = 6F8A3EF81D47E8FA008268BD /* NSCVariadicFunctionController.xib */; };
		6FC091281D60A8B300D52879 /* NSCIsaSwizzlingController.m in Sources */ = {isa = PBXBuildFile; fileRef = 6FC091261D60A8B300D52879 /* NSCIsaSwizzlingController.m */; };
		6FC091291D60A8B300D52879 /* NSCIsaSwizzlingController.xib in Resources */ = {isa = PBXBuildFile; fileRef = 6FC091271D60A8B300D52879 /* NSCIsaSwizzlingController.xib */; };
		6FC091371D60CB5E00D52879 /* NSCMethodSwizzlingController.m in Sources */ = {isa = PBXBuildFile; fileRef = 6FC091351D60CB5E00D52879 /* NSCMethodSwizzlingController.m */; };
		6FC091381D60CB5E00D52879 /* NSCMethodSwizzlingController.xib in Resources */ = {isa = PBXBuildFile; fileRef = 6FC091361D60CB5E00D52879 /* NSCMethodSwizzlingController.xib */; };
		6FEFF6F41D57B8F600E8B77E /* NSCIsKindOfClsController.m in Sources */ = {isa = PBXBuildFile; fileRef = 6FEFF6F21D57B8F600E8B77E /* NSCIsKindOfClsController.m */; };
		6FEFF6F51D57B8F600E8B77E /* NSCIsKindOfClsController.xib in Resources */ = {isa = PBXBuildFile; fileRef = 6FEFF6F31D57B8F600E8B77E /* NSCIsKindOfClsController.xib */; };
/* End PBXBuildFile section */

/* Begin PBXFileReference section */
		6F3A15291D4E3CE200567B59 /* NSCTaggedPointerController.h */ = {isa = PBXFileReference; fileEncoding = 4; lastKnownFileType = sourcecode.c.h; path = NSCTaggedPointerController.h; sourceTree = "<group>"; };
		6F3A152A1D4E3CE200567B59 /* NSCTaggedPointerController.m */ = {isa = PBXFileReference; fileEncoding = 4; lastKnownFileType = sourcecode.c.objc; path = NSCTaggedPointerController.m; sourceTree = "<group>"; };
		6F3A152B1D4E3CE200567B59 /* NSCTaggedPointerController.xib */ = {isa = PBXFileReference; fileEncoding = 4; lastKnownFileType = file.xib; path = NSCTaggedPointerController.xib; sourceTree = "<group>"; };
		6F8A3ED81D47E8A8008268BD /* OCCodes.app */ = {isa = PBXFileReference; explicitFileType = wrapper.application; includeInIndex = 0; path = OCCodes.app; sourceTree = BUILT_PRODUCTS_DIR; };
		6F8A3EDC1D47E8A8008268BD /* main.m */ = {isa = PBXFileReference; lastKnownFileType = sourcecode.c.objc; path = main.m; sourceTree = "<group>"; };
		6F8A3EDE1D47E8A8008268BD /* AppDelegate.h */ = {isa = PBXFileReference; lastKnownFileType = sourcecode.c.h; path = AppDelegate.h; sourceTree = "<group>"; };
		6F8A3EDF1D47E8A8008268BD /* AppDelegate.m */ = {isa = PBXFileReference; lastKnownFileType = sourcecode.c.objc; path = AppDelegate.m; sourceTree = "<group>"; };
		6F8A3EE51D47E8A8008268BD /* Base */ = {isa = PBXFileReference; lastKnownFileType = file.storyboard; name = Base; path = Base.lproj/Main.storyboard; sourceTree = "<group>"; };
		6F8A3EE71D47E8A8008268BD /* Assets.xcassets */ = {isa = PBXFileReference; lastKnownFileType = folder.assetcatalog; path = Assets.xcassets; sourceTree = "<group>"; };
		6F8A3EEA1D47E8A8008268BD /* Base */ = {isa = PBXFileReference; lastKnownFileType = file.storyboard; name = Base; path = Base.lproj/LaunchScreen.storyboard; sourceTree = "<group>"; };
		6F8A3EEC1D47E8A8008268BD /* Info.plist */ = {isa = PBXFileReference; lastKnownFileType = text.plist.xml; path = Info.plist; sourceTree = "<group>"; };
		6F8A3EF41D47E8FA008268BD /* NSCMenuController.h */ = {isa = PBXFileReference; fileEncoding = 4; lastKnownFileType = sourcecode.c.h; path = NSCMenuController.h; sourceTree = "<group>"; };
		6F8A3EF51D47E8FA008268BD /* NSCMenuController.m */ = {isa = PBXFileReference; fileEncoding = 4; lastKnownFileType = sourcecode.c.objc; path = NSCMenuController.m; sourceTree = "<group>"; };
		6F8A3EF61D47E8FA008268BD /* NSCVariadicFunctionController.h */ = {isa = PBXFileReference; fileEncoding = 4; lastKnownFileType = sourcecode.c.h; path = NSCVariadicFunctionController.h; sourceTree = "<group>"; };
		6F8A3EF71D47E8FA008268BD /* NSCVariadicFunctionController.m */ = {isa = PBXFileReference; fileEncoding = 4; lastKnownFileType = sourcecode.c.objc; path = NSCVariadicFunctionController.m; sourceTree = "<group>"; };
		6F8A3EF81D47E8FA008268BD /* NSCVariadicFunctionController.xib */ = {isa = PBXFileReference; fileEncoding = 4; lastKnownFileType = file.xib; path = NSCVariadicFunctionController.xib; sourceTree = "<group>"; };
		6FC091251D60A8B300D52879 /* NSCIsaSwizzlingController.h */ = {isa = PBXFileReference; fileEncoding = 4; lastKnownFileType = sourcecode.c.h; path = NSCIsaSwizzlingController.h; sourceTree = "<group>"; };
		6FC091261D60A8B300D52879 /* NSCIsaSwizzlingController.m */ = {isa = PBXFileReference; fileEncoding = 4; lastKnownFileType = sourcecode.c.objc; path = NSCIsaSwizzlingController.m; sourceTree = "<group>"; };
		6FC091271D60A8B300D52879 /* NSCIsaSwizzlingController.xib */ = {isa = PBXFileReference; fileEncoding = 4; lastKnownFileType = file.xib; path = NSCIsaSwizzlingController.xib; sourceTree = "<group>"; };
		6FC091341D60CB5E00D52879 /* NSCMethodSwizzlingController.h */ = {isa = PBXFileReference; fileEncoding = 4; lastKnownFileType = sourcecode.c.h; path = NSCMethodSwizzlingController.h; sourceTree = "<group>"; };
		6FC091351D60CB5E00D52879 /* NSCMethodSwizzlingController.m */ = {isa = PBXFileReference; fileEncoding = 4; lastKnownFileType = sourcecode.c.objc; path = NSCMethodSwizzlingController.m; sourceTree = "<group>"; };
		6FC091361D60CB5E00D52879 /* NSCMethodSwizzlingController.xib */ = {isa = PBXFileReference; fileEncoding = 4; lastKnownFileType = file.xib; path = NSCMethodSwizzlingController.xib; sourceTree = "<group>"; };
		6FEFF6F11D57B8F600E8B77E /* NSCIsKindOfClsController.h */ = {isa = PBXFileReference; fileEncoding = 4; lastKnownFileType = sourcecode.c.h; path = NSCIsKindOfClsController.h; sourceTree = "<group>"; };
		6FEFF6F21D57B8F600E8B77E /* NSCIsKindOfClsController.m */ = {isa = PBXFileReference; fileEncoding = 4; lastKnownFileType = sourcecode.c.objc; path = NSCIsKindOfClsController.m; sourceTree = "<group>"; };
		6FEFF6F31D57B8F600E8B77E /* NSCIsKindOfClsController.xib */ = {isa = PBXFileReference; fileEncoding = 4; lastKnownFileType = file.xib; path = NSCIsKindOfClsController.xib; sourceTree = "<group>"; };
/* End PBXFileReference section */

/* Begin PBXFrameworksBuildPhase section */
		6F8A3ED51D47E8A8008268BD /* Frameworks */ = {
			isa = PBXFrameworksBuildPhase;
			buildActionMask = 2147483647;
			files = (
			);
			runOnlyForDeploymentPostprocessing = 0;
		};
/* End PBXFrameworksBuildPhase section */

/* Begin PBXGroup section */
		6F8A3ECF1D47E8A8008268BD = {
			isa = PBXGroup;
			children = (
				6F8A3EDA1D47E8A8008268BD /* OCCodes */,
				6F8A3ED91D47E8A8008268BD /* Products */,
			);
			sourceTree = "<group>";
		};
		6F8A3ED91D47E8A8008268BD /* Products */ = {
			isa = PBXGroup;
			children = (
				6F8A3ED81D47E8A8008268BD /* OCCodes.app */,
			);
			name = Products;
			sourceTree = "<group>";
		};
		6F8A3EDA1D47E8A8008268BD /* OCCodes */ = {
			isa = PBXGroup;
			children = (
				6F8A3EF31D47E8FA008268BD /* ViewControllers */,
				6F8A3EF21D47E8ED008268BD /* Supporting Files */,
				6F8A3EE41D47E8A8008268BD /* Main.storyboard */,
				6F8A3EDB1D47E8A8008268BD /* Supporting Files */,
			);
			path = OCCodes;
			sourceTree = "<group>";
		};
		6F8A3EDB1D47E8A8008268BD /* Supporting Files */ = {
			isa = PBXGroup;
			children = (
				6F8A3EDC1D47E8A8008268BD /* main.m */,
			);
			name = "Supporting Files";
			sourceTree = "<group>";
		};
		6F8A3EF21D47E8ED008268BD /* Supporting Files */ = {
			isa = PBXGroup;
			children = (
				6F8A3EDE1D47E8A8008268BD /* AppDelegate.h */,
				6F8A3EDF1D47E8A8008268BD /* AppDelegate.m */,
				6F8A3EE71D47E8A8008268BD /* Assets.xcassets */,
				6F8A3EE91D47E8A8008268BD /* LaunchScreen.storyboard */,
				6F8A3EEC1D47E8A8008268BD /* Info.plist */,
			);
			name = "Supporting Files";
			sourceTree = "<group>";
		};
		6F8A3EF31D47E8FA008268BD /* ViewControllers */ = {
			isa = PBXGroup;
			children = (
				6F8A3EF41D47E8FA008268BD /* NSCMenuController.h */,
				6F8A3EF51D47E8FA008268BD /* NSCMenuController.m */,
				6F8A3EF61D47E8FA008268BD /* NSCVariadicFunctionController.h */,
				6F8A3EF71D47E8FA008268BD /* NSCVariadicFunctionController.m */,
				6F8A3EF81D47E8FA008268BD /* NSCVariadicFunctionController.xib */,
				6F3A15291D4E3CE200567B59 /* NSCTaggedPointerController.h */,
				6F3A152A1D4E3CE200567B59 /* NSCTaggedPointerController.m */,
				6F3A152B1D4E3CE200567B59 /* NSCTaggedPointerController.xib */,
				6FEFF6F11D57B8F600E8B77E /* NSCIsKindOfClsController.h */,
				6FEFF6F21D57B8F600E8B77E /* NSCIsKindOfClsController.m */,
				6FEFF6F31D57B8F600E8B77E /* NSCIsKindOfClsController.xib */,
				6FC091251D60A8B300D52879 /* NSCIsaSwizzlingController.h */,
				6FC091261D60A8B300D52879 /* NSCIsaSwizzlingController.m */,
				6FC091271D60A8B300D52879 /* NSCIsaSwizzlingController.xib */,
				6FC091341D60CB5E00D52879 /* NSCMethodSwizzlingController.h */,
				6FC091351D60CB5E00D52879 /* NSCMethodSwizzlingController.m */,
				6FC091361D60CB5E00D52879 /* NSCMethodSwizzlingController.xib */,
			);
			path = ViewControllers;
			sourceTree = "<group>";
		};
/* End PBXGroup section */

/* Begin PBXNativeTarget section */
		6F8A3ED71D47E8A8008268BD /* OCCodes */ = {
			isa = PBXNativeTarget;
			buildConfigurationList = 6F8A3EEF1D47E8A8008268BD /* Build configuration list for PBXNativeTarget "OCCodes" */;
			buildPhases = (
				6F8A3ED41D47E8A8008268BD /* Sources */,
				6F8A3ED51D47E8A8008268BD /* Frameworks */,
				6F8A3ED61D47E8A8008268BD /* Resources */,
			);
			buildRules = (
			);
			dependencies = (
			);
			name = OCCodes;
			productName = OCCodes;
			productReference = 6F8A3ED81D47E8A8008268BD /* OCCodes.app */;
			productType = "com.apple.product-type.application";
		};
/* End PBXNativeTarget section */

/* Begin PBXProject section */
		6F8A3ED01D47E8A8008268BD /* Project object */ = {
			isa = PBXProject;
			attributes = {
				LastUpgradeCheck = 0730;
				ORGANIZATIONNAME = nscookies;
				TargetAttributes = {
					6F8A3ED71D47E8A8008268BD = {
						CreatedOnToolsVersion = 7.3;
					};
				};
			};
			buildConfigurationList = 6F8A3ED31D47E8A8008268BD /* Build configuration list for PBXProject "OCCodes" */;
			compatibilityVersion = "Xcode 3.2";
			developmentRegion = English;
			hasScannedForEncodings = 0;
			knownRegions = (
				en,
				Base,
			);
			mainGroup = 6F8A3ECF1D47E8A8008268BD;
			productRefGroup = 6F8A3ED91D47E8A8008268BD /* Products */;
			projectDirPath = "";
			projectRoot = "";
			targets = (
				6F8A3ED71D47E8A8008268BD /* OCCodes */,
			);
		};
/* End PBXProject section */

/* Begin PBXResourcesBuildPhase section */
		6F8A3ED61D47E8A8008268BD /* Resources */ = {
			isa = PBXResourcesBuildPhase;
			buildActionMask = 2147483647;
			files = (
				6FEFF6F51D57B8F600E8B77E /* NSCIsKindOfClsController.xib in Resources */,
				6FC091291D60A8B300D52879 /* NSCIsaSwizzlingController.xib in Resources */,
				6F3A152D1D4E3CE200567B59 /* NSCTaggedPointerController.xib in Resources */,
				6F8A3EEB1D47E8A8008268BD /* LaunchScreen.storyboard in Resources */,
				6F8A3EFB1D47E8FA008268BD /* NSCVariadicFunctionController.xib in Resources */,
				6F8A3EE81D47E8A8008268BD /* Assets.xcassets in Resources */,
				6FC091381D60CB5E00D52879 /* NSCMethodSwizzlingController.xib in Resources */,
				6F8A3EE61D47E8A8008268BD /* Main.storyboard in Resources */,
			);
			runOnlyForDeploymentPostprocessing = 0;
		};
/* End PBXResourcesBuildPhase section */

/* Begin PBXSourcesBuildPhase section */
		6F8A3ED41D47E8A8008268BD /* Sources */ = {
			isa = PBXSourcesBuildPhase;
			buildActionMask = 2147483647;
			files = (
				6FEFF6F41D57B8F600E8B77E /* NSCIsKindOfClsController.m in Sources */,
				6F8A3EF91D47E8FA008268BD /* NSCMenuController.m in Sources */,
				6F8A3EE01D47E8A8008268BD /* AppDelegate.m in Sources */,
				6FC091371D60CB5E00D52879 /* NSCMethodSwizzlingController.m in Sources */,
				6F8A3EDD1D47E8A8008268BD /* main.m in Sources */,
				6FC091281D60A8B300D52879 /* NSCIsaSwizzlingController.m in Sources */,
				6F8A3EFA1D47E8FA008268BD /* NSCVariadicFunctionController.m in Sources */,
				6F3A152C1D4E3CE200567B59 /* NSCTaggedPointerController.m in Sources */,
			);
			runOnlyForDeploymentPostprocessing = 0;
		};
/* End PBXSourcesBuildPhase section */

/* Begin PBXVariantGroup section */
		6F8A3EE41D47E8A8008268BD /* Main.storyboard */ = {
			isa = PBXVariantGroup;
			children = (
				6F8A3EE51D47E8A8008268BD /* Base */,
			);
			name = Main.storyboard;
			sourceTree = "<group>";
		};
		6F8A3EE91D47E8A8008268BD /* LaunchScreen.storyboard */ = {
			isa = PBXVariantGroup;
			children = (
				6F8A3EEA1D47E8A8008268BD /* Base */,
			);
			name = LaunchScreen.storyboard;
			sourceTree = "<group>";
		};
/* End PBXVariantGroup section */

/* Begin XCBuildConfiguration section */
		6F8A3EED1D47E8A8008268BD /* Debug */ = {
			isa = XCBuildConfiguration;
			buildSettings = {
				ALWAYS_SEARCH_USER_PATHS = NO;
				CLANG_ANALYZER_NONNULL = YES;
				CLANG_CXX_LANGUAGE_STANDARD = "gnu++0x";
				CLANG_CXX_LIBRARY = "libc++";
				CLANG_ENABLE_MODULES = YES;
				CLANG_ENABLE_OBJC_ARC = YES;
				CLANG_WARN_BOOL_CONVERSION = YES;
				CLANG_WARN_CONSTANT_CONVERSION = YES;
				CLANG_WARN_DIRECT_OBJC_ISA_USAGE = YES_ERROR;
				CLANG_WARN_EMPTY_BODY = YES;
				CLANG_WARN_ENUM_CONVERSION = YES;
				CLANG_WARN_INT_CONVERSION = YES;
				CLANG_WARN_OBJC_ROOT_CLASS = YES_ERROR;
				CLANG_WARN_UNREACHABLE_CODE = YES;
				CLANG_WARN__DUPLICATE_METHOD_MATCH = YES;
				"CODE_SIGN_IDENTITY[sdk=iphoneos*]" = "iPhone Developer";
				COPY_PHASE_STRIP = NO;
				DEBUG_INFORMATION_FORMAT = dwarf;
				ENABLE_STRICT_OBJC_MSGSEND = YES;
				ENABLE_TESTABILITY = YES;
				GCC_C_LANGUAGE_STANDARD = gnu99;
				GCC_DYNAMIC_NO_PIC = NO;
				GCC_NO_COMMON_BLOCKS = YES;
				GCC_OPTIMIZATION_LEVEL = 0;
				GCC_PREPROCESSOR_DEFINITIONS = (
					"DEBUG=1",
					"$(inherited)",
				);
				GCC_WARN_64_TO_32_BIT_CONVERSION = YES;
				GCC_WARN_ABOUT_RETURN_TYPE = YES_ERROR;
				GCC_WARN_UNDECLARED_SELECTOR = YES;
				GCC_WARN_UNINITIALIZED_AUTOS = YES_AGGRESSIVE;
				GCC_WARN_UNUSED_FUNCTION = YES;
				GCC_WARN_UNUSED_VARIABLE = YES;
				IPHONEOS_DEPLOYMENT_TARGET = 9.3;
				MTL_ENABLE_DEBUG_INFO = YES;
				ONLY_ACTIVE_ARCH = YES;
				SDKROOT = iphoneos;
			};
			name = Debug;
		};
		6F8A3EEE1D47E8A8008268BD /* Release */ = {
			isa = XCBuildConfiguration;
			buildSettings = {
				ALWAYS_SEARCH_USER_PATHS = NO;
				CLANG_ANALYZER_NONNULL = YES;
				CLANG_CXX_LANGUAGE_STANDARD = "gnu++0x";
				CLANG_CXX_LIBRARY = "libc++";
				CLANG_ENABLE_MODULES = YES;
				CLANG_ENABLE_OBJC_ARC = YES;
				CLANG_WARN_BOOL_CONVERSION = YES;
				CLANG_WARN_CONSTANT_CONVERSION = YES;
				CLANG_WARN_DIRECT_OBJC_ISA_USAGE = YES_ERROR;
				CLANG_WARN_EMPTY_BODY = YES;
				CLANG_WARN_ENUM_CONVERSION = YES;
				CLANG_WARN_INT_CONVERSION = YES;
				CLANG_WARN_OBJC_ROOT_CLASS = YES_ERROR;
				CLANG_WARN_UNREACHABLE_CODE = YES;
				CLANG_WARN__DUPLICATE_METHOD_MATCH = YES;
				"CODE_SIGN_IDENTITY[sdk=iphoneos*]" = "iPhone Developer";
				COPY_PHASE_STRIP = NO;
				DEBUG_INFORMATION_FORMAT = "dwarf-with-dsym";
				ENABLE_NS_ASSERTIONS = NO;
				ENABLE_STRICT_OBJC_MSGSEND = YES;
				GCC_C_LANGUAGE_STANDARD = gnu99;
				GCC_NO_COMMON_BLOCKS = YES;
				GCC_WARN_64_TO_32_BIT_CONVERSION = YES;
				GCC_WARN_ABOUT_RETURN_TYPE = YES_ERROR;
				GCC_WARN_UNDECLARED_SELECTOR = YES;
				GCC_WARN_UNINITIALIZED_AUTOS = YES_AGGRESSIVE;
				GCC_WARN_UNUSED_FUNCTION = YES;
				GCC_WARN_UNUSED_VARIABLE = YES;
				IPHONEOS_DEPLOYMENT_TARGET = 9.3;
				MTL_ENABLE_DEBUG_INFO = NO;
				SDKROOT = iphoneos;
				VALIDATE_PRODUCT = YES;
			};
			name = Release;
		};
		6F8A3EF01D47E8A8008268BD /* Debug */ = {
			isa = XCBuildConfiguration;
			buildSettings = {
				ASSETCATALOG_COMPILER_APPICON_NAME = AppIcon;
				INFOPLIST_FILE = OCCodes/Info.plist;
				LD_RUNPATH_SEARCH_PATHS = "$(inherited) @executable_path/Frameworks";
				PRODUCT_BUNDLE_IDENTIFIER = com.nscookies.OCCodes;
				PRODUCT_NAME = "$(TARGET_NAME)";
			};
			name = Debug;
		};
		6F8A3EF11D47E8A8008268BD /* Release */ = {
			isa = XCBuildConfiguration;
			buildSettings = {
				ASSETCATALOG_COMPILER_APPICON_NAME = AppIcon;
				INFOPLIST_FILE = OCCodes/Info.plist;
				LD_RUNPATH_SEARCH_PATHS = "$(inherited) @executable_path/Frameworks";
				PRODUCT_BUNDLE_IDENTIFIER = com.nscookies.OCCodes;
				PRODUCT_NAME = "$(TARGET_NAME)";
			};
			name = Release;
		};
/* End XCBuildConfiguration section */

/* Begin XCConfigurationList section */
		6F8A3ED31D47E8A8008268BD /* Build configuration list for PBXProject "OCCodes" */ = {
			isa = XCConfigurationList;
			buildConfigurations = (
				6F8A3EED1D47E8A8008268BD /* Debug */,
				6F8A3EEE1D47E8A8008268BD /* Release */,
			);
			defaultConfigurationIsVisible = 0;
			defaultConfigurationName = Release;
		};
		6F8A3EEF1D47E8A8008268BD /* Build configuration list for PBXNativeTarget "OCCodes" */ = {
			isa = XCConfigurationList;
			buildConfigurations = (
				6F8A3EF01D47E8A8008268BD /* Debug */,
				6F8A3EF11D47E8A8008268BD /* Release */,
			);
			defaultConfigurationIsVisible = 0;
			defaultConfigurationName = Release;
		};
/* End XCConfigurationList section */
	};
	rootObject = 6F8A3ED01D47E8A8008268BD /* Project object */;
}
